
Microsoft Visual Studio Solution File, Format Version 12.00
# Visual Studio Version 17
VisualStudioVersion = 17.2.32526.322
MinimumVisualStudioVersion = 10.0.40219.1
Project("{FAE04EC0-301F-11D3-BF4B-00C04F79EFBC}") = "Projekt_Gost", "Projekt_Gost\Projekt_Gost.csproj", "{DC442FC5-EE93-4C7D-B7F1-D101D6E0BD0D}"
EndProject
Global
	GlobalSection(SolutionConfigurationPlatforms) = preSolution
		Debug|Any CPU = Debug|Any CPU
		Release|Any CPU = Release|Any CPU
	EndGlobalSection
	GlobalSection(ProjectConfigurationPlatforms) = postSolution
		{DC442FC5-EE93-4C7D-B7F1-D101D6E0BD0D}.Debug|Any CPU.ActiveCfg = Debug|Any CPU
		{DC442FC5-EE93-4C7D-B7F1-D101D6E0BD0D}.Debug|Any CPU.Build.0 = Debug|Any CPU
		{DC442FC5-EE93-4C7D-B7F1-D101D6E0BD0D}.Release|Any CPU.ActiveCfg = Release|Any CPU
		{DC442FC5-EE93-4C7D-B7F1-D101D6E0BD0D}.Release|Any CPU.Build.0 = Release|Any CPU
	EndGlobalSection
	GlobalSection(SolutionProperties) = preSolution
		HideSolutionNode = FALSE
	EndGlobalSection
	GlobalSection(ExtensibilityGlobals) = postSolution
		SolutionGuid = {0B7949CF-37DF-4BD1-B655-833539C83C9F}
	EndGlobalSection
EndGlobal
